// !$*UTF8*$!
{
	archiveVersion = 1;
	classes = {
	};
	objectVersion = 56;
	objects = {

/* Begin PBXBuildFile section */
		0D0413202A3618DC00782ED2 /* VeRealApp.swift in Sources */ = {isa = PBXBuildFile; fileRef = 0D04131F2A3618DC00782ED2 /* VeRealApp.swift */; };
		0D0413242A3618DD00782ED2 /* Assets.xcassets in Resources */ = {isa = PBXBuildFile; fileRef = 0D0413232A3618DD00782ED2 /* Assets.xcassets */; };
		0D0413272A3618DD00782ED2 /* Preview Assets.xcassets in Resources */ = {isa = PBXBuildFile; fileRef = 0D0413262A3618DD00782ED2 /* Preview Assets.xcassets */; };
		0D6EDE7C2A375F9B001753D9 /* DelaysTouches.swift in Sources */ = {isa = PBXBuildFile; fileRef = 0D6EDE7B2A375F9B001753D9 /* DelaysTouches.swift */; };
		0D6EDE7E2A3770EE001753D9 /* PostContent.swift in Sources */ = {isa = PBXBuildFile; fileRef = 0D6EDE7D2A3770EE001753D9 /* PostContent.swift */; };
		0D6EDE802A37EFE7001753D9 /* PostPictureOverlay.swift in Sources */ = {isa = PBXBuildFile; fileRef = 0D6EDE7F2A37EFE7001753D9 /* PostPictureOverlay.swift */; };
		0D72E7882A361AD40022120A /* PostView.swift in Sources */ = {isa = PBXBuildFile; fileRef = 0D72E7872A361AD40022120A /* PostView.swift */; };
		0D72E78A2A3621540022120A /* PostImage.swift in Sources */ = {isa = PBXBuildFile; fileRef = 0D72E7892A3621540022120A /* PostImage.swift */; };
		0D72E78C2A363E780022120A /* PostHeader.swift in Sources */ = {isa = PBXBuildFile; fileRef = 0D72E78B2A363E780022120A /* PostHeader.swift */; };
		0D72E78E2A364D230022120A /* PostFeed.swift in Sources */ = {isa = PBXBuildFile; fileRef = 0D72E78D2A364D230022120A /* PostFeed.swift */; };
		0D72E7902A36513A0022120A /* PostFooter.swift in Sources */ = {isa = PBXBuildFile; fileRef = 0D72E78F2A36513A0022120A /* PostFooter.swift */; };
/* End PBXBuildFile section */

/* Begin PBXFileReference section */
		0D04131C2A3618DC00782ED2 /* VeReal.app */ = {isa = PBXFileReference; explicitFileType = wrapper.application; includeInIndex = 0; path = VeReal.app; sourceTree = BUILT_PRODUCTS_DIR; };
		0D04131F2A3618DC00782ED2 /* VeRealApp.swift */ = {isa = PBXFileReference; lastKnownFileType = sourcecode.swift; path = VeRealApp.swift; sourceTree = "<group>"; };
		0D0413232A3618DD00782ED2 /* Assets.xcassets */ = {isa = PBXFileReference; lastKnownFileType = folder.assetcatalog; path = Assets.xcassets; sourceTree = "<group>"; };
		0D0413262A3618DD00782ED2 /* Preview Assets.xcassets */ = {isa = PBXFileReference; lastKnownFileType = folder.assetcatalog; path = "Preview Assets.xcassets"; sourceTree = "<group>"; };
		0D6EDE7B2A375F9B001753D9 /* DelaysTouches.swift */ = {isa = PBXFileReference; lastKnownFileType = sourcecode.swift; path = DelaysTouches.swift; sourceTree = "<group>"; };
		0D6EDE7D2A3770EE001753D9 /* PostContent.swift */ = {isa = PBXFileReference; lastKnownFileType = sourcecode.swift; path = PostContent.swift; sourceTree = "<group>"; };
		0D6EDE7F2A37EFE7001753D9 /* PostPictureOverlay.swift */ = {isa = PBXFileReference; lastKnownFileType = sourcecode.swift; path = PostPictureOverlay.swift; sourceTree = "<group>"; };
		0D72E7872A361AD40022120A /* PostView.swift */ = {isa = PBXFileReference; lastKnownFileType = sourcecode.swift; path = PostView.swift; sourceTree = "<group>"; };
		0D72E7892A3621540022120A /* PostImage.swift */ = {isa = PBXFileReference; lastKnownFileType = sourcecode.swift; path = PostImage.swift; sourceTree = "<group>"; };
		0D72E78B2A363E780022120A /* PostHeader.swift */ = {isa = PBXFileReference; lastKnownFileType = sourcecode.swift; path = PostHeader.swift; sourceTree = "<group>"; };
		0D72E78D2A364D230022120A /* PostFeed.swift */ = {isa = PBXFileReference; lastKnownFileType = sourcecode.swift; path = PostFeed.swift; sourceTree = "<group>"; };
		0D72E78F2A36513A0022120A /* PostFooter.swift */ = {isa = PBXFileReference; lastKnownFileType = sourcecode.swift; path = PostFooter.swift; sourceTree = "<group>"; };
/* End PBXFileReference section */

/* Begin PBXFrameworksBuildPhase section */
		0D0413192A3618DC00782ED2 /* Frameworks */ = {
			isa = PBXFrameworksBuildPhase;
			buildActionMask = 2147483647;
			files = (
			);
			runOnlyForDeploymentPostprocessing = 0;
		};
/* End PBXFrameworksBuildPhase section */

/* Begin PBXGroup section */
		0D0413132A3618DC00782ED2 = {
			isa = PBXGroup;
			children = (
				0D04131E2A3618DC00782ED2 /* VeReal */,
				0D04131D2A3618DC00782ED2 /* Products */,
			);
			sourceTree = "<group>";
		};
		0D04131D2A3618DC00782ED2 /* Products */ = {
			isa = PBXGroup;
			children = (
				0D04131C2A3618DC00782ED2 /* VeReal.app */,
			);
			name = Products;
			sourceTree = "<group>";
		};
		0D04131E2A3618DC00782ED2 /* VeReal */ = {
			isa = PBXGroup;
			children = (
				0D6EDE7A2A375F8A001753D9 /* Helpers */,
				0D72E7862A361AA90022120A /* Views */,
				0D04131F2A3618DC00782ED2 /* VeRealApp.swift */,
				0D0413232A3618DD00782ED2 /* Assets.xcassets */,
				0D0413252A3618DD00782ED2 /* Preview Content */,
			);
			path = VeReal;
			sourceTree = "<group>";
		};
		0D0413252A3618DD00782ED2 /* Preview Content */ = {
			isa = PBXGroup;
			children = (
				0D0413262A3618DD00782ED2 /* Preview Assets.xcassets */,
			);
			path = "Preview Content";
			sourceTree = "<group>";
		};
		0D6EDE7A2A375F8A001753D9 /* Helpers */ = {
			isa = PBXGroup;
			children = (
				0D6EDE7B2A375F9B001753D9 /* DelaysTouches.swift */,
			);
			path = Helpers;
			sourceTree = "<group>";
		};
		0D72E7862A361AA90022120A /* Views */ = {
			isa = PBXGroup;
			children = (
				0D72E7872A361AD40022120A /* PostView.swift */,
				0D72E7892A3621540022120A /* PostImage.swift */,
				0D72E78B2A363E780022120A /* PostHeader.swift */,
				0D72E78D2A364D230022120A /* PostFeed.swift */,
				0D72E78F2A36513A0022120A /* PostFooter.swift */,
				0D6EDE7D2A3770EE001753D9 /* PostContent.swift */,
				0D6EDE7F2A37EFE7001753D9 /* PostPictureOverlay.swift */,
			);
			path = Views;
			sourceTree = "<group>";
		};
/* End PBXGroup section */

/* Begin PBXNativeTarget section */
		0D04131B2A3618DC00782ED2 /* VeReal */ = {
			isa = PBXNativeTarget;
			buildConfigurationList = 0D04132A2A3618DD00782ED2 /* Build configuration list for PBXNativeTarget "VeReal" */;
			buildPhases = (
				0D0413182A3618DC00782ED2 /* Sources */,
				0D0413192A3618DC00782ED2 /* Frameworks */,
				0D04131A2A3618DC00782ED2 /* Resources */,
			);
			buildRules = (
			);
			dependencies = (
			);
			name = VeReal;
			productName = VeReal;
			productReference = 0D04131C2A3618DC00782ED2 /* VeReal.app */;
			productType = "com.apple.product-type.application";
		};
/* End PBXNativeTarget section */

/* Begin PBXProject section */
		0D0413142A3618DC00782ED2 /* Project object */ = {
			isa = PBXProject;
			attributes = {
				BuildIndependentTargetsInParallel = 1;
				LastSwiftUpdateCheck = 1500;
				LastUpgradeCheck = 1500;
				TargetAttributes = {
					0D04131B2A3618DC00782ED2 = {
						CreatedOnToolsVersion = 15.0;
					};
				};
			};
			buildConfigurationList = 0D0413172A3618DC00782ED2 /* Build configuration list for PBXProject "VeReal" */;
			compatibilityVersion = "Xcode 14.0";
			developmentRegion = en;
			hasScannedForEncodings = 0;
			knownRegions = (
				en,
				Base,
			);
			mainGroup = 0D0413132A3618DC00782ED2;
			productRefGroup = 0D04131D2A3618DC00782ED2 /* Products */;
			projectDirPath = "";
			projectRoot = "";
			targets = (
				0D04131B2A3618DC00782ED2 /* VeReal */,
			);
		};
/* End PBXProject section */

/* Begin PBXResourcesBuildPhase section */
		0D04131A2A3618DC00782ED2 /* Resources */ = {
			isa = PBXResourcesBuildPhase;
			buildActionMask = 2147483647;
			files = (
				0D0413272A3618DD00782ED2 /* Preview Assets.xcassets in Resources */,
				0D0413242A3618DD00782ED2 /* Assets.xcassets in Resources */,
			);
			runOnlyForDeploymentPostprocessing = 0;
		};
/* End PBXResourcesBuildPhase section */

/* Begin PBXSourcesBuildPhase section */
		0D0413182A3618DC00782ED2 /* Sources */ = {
			isa = PBXSourcesBuildPhase;
			buildActionMask = 2147483647;
			files = (
				0D72E78E2A364D230022120A /* PostFeed.swift in Sources */,
				0D0413202A3618DC00782ED2 /* VeRealApp.swift in Sources */,
				0D72E78A2A3621540022120A /* PostImage.swift in Sources */,
				0D72E7882A361AD40022120A /* PostView.swift in Sources */,
				0D72E7902A36513A0022120A /* PostFooter.swift in Sources */,
				0D6EDE7E2A3770EE001753D9 /* PostContent.swift in Sources */,
				0D6EDE7C2A375F9B001753D9 /* DelaysTouches.swift in Sources */,
				0D6EDE802A37EFE7001753D9 /* PostPictureOverlay.swift in Sources */,
				0D72E78C2A363E780022120A /* PostHeader.swift in Sources */,
			);
			runOnlyForDeploymentPostprocessing = 0;
		};
/* End PBXSourcesBuildPhase section */

/* Begin XCBuildConfiguration section */
		0D0413282A3618DD00782ED2 /* Debug */ = {
			isa = XCBuildConfiguration;
			buildSettings = {
				ALWAYS_SEARCH_USER_PATHS = NO;
				ASSETCATALOG_COMPILER_GENERATE_SWIFT_ASSET_SYMBOL_EXTENSIONS = YES;
				CLANG_ANALYZER_NONNULL = YES;
				CLANG_ANALYZER_NUMBER_OBJECT_CONVERSION = YES_AGGRESSIVE;
				CLANG_CXX_LANGUAGE_STANDARD = "gnu++20";
				CLANG_ENABLE_MODULES = YES;
				CLANG_ENABLE_OBJC_ARC = YES;
				CLANG_ENABLE_OBJC_WEAK = YES;
				CLANG_WARN_BLOCK_CAPTURE_AUTORELEASING = YES;
				CLANG_WARN_BOOL_CONVERSION = YES;
				CLANG_WARN_COMMA = YES;
				CLANG_WARN_CONSTANT_CONVERSION = YES;
				CLANG_WARN_DEPRECATED_OBJC_IMPLEMENTATIONS = YES;
				CLANG_WARN_DIRECT_OBJC_ISA_USAGE = YES_ERROR;
				CLANG_WARN_DOCUMENTATION_COMMENTS = YES;
				CLANG_WARN_EMPTY_BODY = YES;
				CLANG_WARN_ENUM_CONVERSION = YES;
				CLANG_WARN_INFINITE_RECURSION = YES;
				CLANG_WARN_INT_CONVERSION = YES;
				CLANG_WARN_NON_LITERAL_NULL_CONVERSION = YES;
				CLANG_WARN_OBJC_IMPLICIT_RETAIN_SELF = YES;
				CLANG_WARN_OBJC_LITERAL_CONVERSION = YES;
				CLANG_WARN_OBJC_ROOT_CLASS = YES_ERROR;
				CLANG_WARN_QUOTED_INCLUDE_IN_FRAMEWORK_HEADER = YES;
				CLANG_WARN_RANGE_LOOP_ANALYSIS = YES;
				CLANG_WARN_STRICT_PROTOTYPES = YES;
				CLANG_WARN_SUSPICIOUS_MOVE = YES;
				CLANG_WARN_UNGUARDED_AVAILABILITY = YES_AGGRESSIVE;
				CLANG_WARN_UNREACHABLE_CODE = YES;
				CLANG_WARN__DUPLICATE_METHOD_MATCH = YES;
				COPY_PHASE_STRIP = NO;
				DEBUG_INFORMATION_FORMAT = dwarf;
				ENABLE_STRICT_OBJC_MSGSEND = YES;
				ENABLE_TESTABILITY = YES;
				ENABLE_USER_SCRIPT_SANDBOXING = YES;
				GCC_C_LANGUAGE_STANDARD = gnu17;
				GCC_DYNAMIC_NO_PIC = NO;
				GCC_NO_COMMON_BLOCKS = YES;
				GCC_OPTIMIZATION_LEVEL = 0;
				GCC_PREPROCESSOR_DEFINITIONS = (
					"DEBUG=1",
					"$(inherited)",
				);
				GCC_WARN_64_TO_32_BIT_CONVERSION = YES;
				GCC_WARN_ABOUT_RETURN_TYPE = YES_ERROR;
				GCC_WARN_UNDECLARED_SELECTOR = YES;
				GCC_WARN_UNINITIALIZED_AUTOS = YES_AGGRESSIVE;
				GCC_WARN_UNUSED_FUNCTION = YES;
				GCC_WARN_UNUSED_VARIABLE = YES;
				IPHONEOS_DEPLOYMENT_TARGET = 16.0;
				LOCALIZATION_PREFERS_STRING_CATALOGS = YES;
				MTL_ENABLE_DEBUG_INFO = INCLUDE_SOURCE;
				MTL_FAST_MATH = YES;
				ONLY_ACTIVE_ARCH = YES;
				SDKROOT = iphoneos;
				SWIFT_ACTIVE_COMPILATION_CONDITIONS = "DEBUG $(inherited)";
				SWIFT_OPTIMIZATION_LEVEL = "-Onone";
			};
			name = Debug;
		};
		0D0413292A3618DD00782ED2 /* Release */ = {
			isa = XCBuildConfiguration;
			buildSettings = {
				ALWAYS_SEARCH_USER_PATHS = NO;
				ASSETCATALOG_COMPILER_GENERATE_SWIFT_ASSET_SYMBOL_EXTENSIONS = YES;
				CLANG_ANALYZER_NONNULL = YES;
				CLANG_ANALYZER_NUMBER_OBJECT_CONVERSION = YES_AGGRESSIVE;
				CLANG_CXX_LANGUAGE_STANDARD = "gnu++20";
				CLANG_ENABLE_MODULES = YES;
				CLANG_ENABLE_OBJC_ARC = YES;
				CLANG_ENABLE_OBJC_WEAK = YES;
				CLANG_WARN_BLOCK_CAPTURE_AUTORELEASING = YES;
				CLANG_WARN_BOOL_CONVERSION = YES;
				CLANG_WARN_COMMA = YES;
				CLANG_WARN_CONSTANT_CONVERSION = YES;
				CLANG_WARN_DEPRECATED_OBJC_IMPLEMENTATIONS = YES;
				CLANG_WARN_DIRECT_OBJC_ISA_USAGE = YES_ERROR;
				CLANG_WARN_DOCUMENTATION_COMMENTS = YES;
				CLANG_WARN_EMPTY_BODY = YES;
				CLANG_WARN_ENUM_CONVERSION = YES;
				CLANG_WARN_INFINITE_RECURSION = YES;
				CLANG_WARN_INT_CONVERSION = YES;
				CLANG_WARN_NON_LITERAL_NULL_CONVERSION = YES;
				CLANG_WARN_OBJC_IMPLICIT_RETAIN_SELF = YES;
				CLANG_WARN_OBJC_LITERAL_CONVERSION = YES;
				CLANG_WARN_OBJC_ROOT_CLASS = YES_ERROR;
				CLANG_WARN_QUOTED_INCLUDE_IN_FRAMEWORK_HEADER = YES;
				CLANG_WARN_RANGE_LOOP_ANALYSIS = YES;
				CLANG_WARN_STRICT_PROTOTYPES = YES;
				CLANG_WARN_SUSPICIOUS_MOVE = YES;
				CLANG_WARN_UNGUARDED_AVAILABILITY = YES_AGGRESSIVE;
				CLANG_WARN_UNREACHABLE_CODE = YES;
				CLANG_WARN__DUPLICATE_METHOD_MATCH = YES;
				COPY_PHASE_STRIP = NO;
				DEBUG_INFORMATION_FORMAT = "dwarf-with-dsym";
				ENABLE_NS_ASSERTIONS = NO;
				ENABLE_STRICT_OBJC_MSGSEND = YES;
				ENABLE_USER_SCRIPT_SANDBOXING = YES;
				GCC_C_LANGUAGE_STANDARD = gnu17;
				GCC_NO_COMMON_BLOCKS = YES;
				GCC_WARN_64_TO_32_BIT_CONVERSION = YES;
				GCC_WARN_ABOUT_RETURN_TYPE = YES_ERROR;
				GCC_WARN_UNDECLARED_SELECTOR = YES;
				GCC_WARN_UNINITIALIZED_AUTOS = YES_AGGRESSIVE;
				GCC_WARN_UNUSED_FUNCTION = YES;
				GCC_WARN_UNUSED_VARIABLE = YES;
				IPHONEOS_DEPLOYMENT_TARGET = 16.0;
				LOCALIZATION_PREFERS_STRING_CATALOGS = YES;
				MTL_ENABLE_DEBUG_INFO = NO;
				MTL_FAST_MATH = YES;
				SDKROOT = iphoneos;
				SWIFT_COMPILATION_MODE = wholemodule;
				VALIDATE_PRODUCT = YES;
			};
			name = Release;
		};
		0D04132B2A3618DD00782ED2 /* Debug */ = {
			isa = XCBuildConfiguration;
			buildSettings = {
				ASSETCATALOG_COMPILER_APPICON_NAME = AppIcon;
				ASSETCATALOG_COMPILER_GLOBAL_ACCENT_COLOR_NAME = AccentColor;
				CODE_SIGN_STYLE = Automatic;
				CURRENT_PROJECT_VERSION = 1;
				DEVELOPMENT_ASSET_PATHS = "\"VeReal/Preview Content\"";
				DEVELOPMENT_TEAM = 7BXB27GZ3J;
				ENABLE_PREVIEWS = YES;
				GENERATE_INFOPLIST_FILE = YES;
				INFOPLIST_KEY_CFBundleDisplayName = VeReal.;
				INFOPLIST_KEY_UIApplicationSceneManifest_Generation = YES;
				INFOPLIST_KEY_UIApplicationSupportsIndirectInputEvents = YES;
				INFOPLIST_KEY_UILaunchScreen_Generation = YES;
				INFOPLIST_KEY_UISupportedInterfaceOrientations = UIInterfaceOrientationPortrait;
				INFOPLIST_KEY_UISupportedInterfaceOrientations_iPad = "UIInterfaceOrientationLandscapeLeft UIInterfaceOrientationLandscapeRight UIInterfaceOrientationPortrait UIInterfaceOrientationPortraitUpsideDown";
				IPHONEOS_DEPLOYMENT_TARGET = 16.0;
				LD_RUNPATH_SEARCH_PATHS = (
					"$(inherited)",
					"@executable_path/Frameworks",
				);
				MARKETING_VERSION = 1.0;
				PRODUCT_BUNDLE_IDENTIFIER = com.theopomies.VeReal;
				PRODUCT_NAME = "$(TARGET_NAME)";
				SUPPORTED_PLATFORMS = "iphoneos iphonesimulator";
				SUPPORTS_MACCATALYST = NO;
				SUPPORTS_MAC_DESIGNED_FOR_IPHONE_IPAD = NO;
				SWIFT_EMIT_LOC_STRINGS = YES;
				SWIFT_VERSION = 5.0;
				TARGETED_DEVICE_FAMILY = 1;
			};
			name = Debug;
		};
		0D04132C2A3618DD00782ED2 /* Release */ = {
			isa = XCBuildConfiguration;
			buildSettings = {
				ASSETCATALOG_COMPILER_APPICON_NAME = AppIcon;
				ASSETCATALOG_COMPILER_GLOBAL_ACCENT_COLOR_NAME = AccentColor;
				CODE_SIGN_STYLE = Automatic;
				CURRENT_PROJECT_VERSION = 1;
				DEVELOPMENT_ASSET_PATHS = "\"VeReal/Preview Content\"";
				DEVELOPMENT_TEAM = 7BXB27GZ3J;
				ENABLE_PREVIEWS = YES;
				GENERATE_INFOPLIST_FILE = YES;
				INFOPLIST_KEY_CFBundleDisplayName = VeReal.;
				INFOPLIST_KEY_UIApplicationSceneManifest_Generation = YES;
				INFOPLIST_KEY_UIApplicationSupportsIndirectInputEvents = YES;
				INFOPLIST_KEY_UILaunchScreen_Generation = YES;
				INFOPLIST_KEY_UISupportedInterfaceOrientations = UIInterfaceOrientationPortrait;
				INFOPLIST_KEY_UISupportedInterfaceOrientations_iPad = "UIInterfaceOrientationLandscapeLeft UIInterfaceOrientationLandscapeRight UIInterfaceOrientationPortrait UIInterfaceOrientationPortraitUpsideDown";
				IPHONEOS_DEPLOYMENT_TARGET = 16.0;
				LD_RUNPATH_SEARCH_PATHS = (
					"$(inherited)",
					"@executable_path/Frameworks",
				);
				MARKETING_VERSION = 1.0;
				PRODUCT_BUNDLE_IDENTIFIER = com.theopomies.VeReal;
				PRODUCT_NAME = "$(TARGET_NAME)";
				SUPPORTED_PLATFORMS = "iphoneos iphonesimulator";
				SUPPORTS_MACCATALYST = NO;
				SUPPORTS_MAC_DESIGNED_FOR_IPHONE_IPAD = NO;
				SWIFT_EMIT_LOC_STRINGS = YES;
				SWIFT_VERSION = 5.0;
				TARGETED_DEVICE_FAMILY = 1;
			};
			name = Release;
		};
/* End XCBuildConfiguration section */

/* Begin XCConfigurationList section */
		0D0413172A3618DC00782ED2 /* Build configuration list for PBXProject "VeReal" */ = {
			isa = XCConfigurationList;
			buildConfigurations = (
				0D0413282A3618DD00782ED2 /* Debug */,
				0D0413292A3618DD00782ED2 /* Release */,
			);
			defaultConfigurationIsVisible = 0;
			defaultConfigurationName = Release;
		};
		0D04132A2A3618DD00782ED2 /* Build configuration list for PBXNativeTarget "VeReal" */ = {
			isa = XCConfigurationList;
			buildConfigurations = (
				0D04132B2A3618DD00782ED2 /* Debug */,
				0D04132C2A3618DD00782ED2 /* Release */,
			);
			defaultConfigurationIsVisible = 0;
			defaultConfigurationName = Release;
		};
/* End XCConfigurationList section */
	};
	rootObject = 0D0413142A3618DC00782ED2 /* Project object */;
}
